
Microsoft Visual Studio Solution File, Format Version 12.00
# Visual Studio 15
VisualStudioVersion = 15.0.26124.0
MinimumVisualStudioVersion = 15.0.26124.0
Project("{FAE04EC0-301F-11D3-BF4B-00C04F79EFBC}") = "Azure.RestApi", "src\Azure.RestApi.csproj", "{6421136D-8AA1-4997-B2D0-9481AA250998}"
EndProject
Project("{FAE04EC0-301F-11D3-BF4B-00C04F79EFBC}") = "Azure.RestApi.Tests", "test\Azure.RestApi.Tests.csproj", "{707F47B9-7D07-4B71-9785-074E908667AF}"
EndProject
Global
	GlobalSection(SolutionConfigurationPlatforms) = preSolution
		Debug|Any CPU = Debug|Any CPU
		Debug|x64 = Debug|x64
		Debug|x86 = Debug|x86
		Release|Any CPU = Release|Any CPU
		Release|x64 = Release|x64
		Release|x86 = Release|x86
	EndGlobalSection
	GlobalSection(SolutionProperties) = preSolution
		HideSolutionNode = FALSE
	EndGlobalSection
	GlobalSection(ProjectConfigurationPlatforms) = postSolution
		{6421136D-8AA1-4997-B2D0-9481AA250998}.Debug|Any CPU.ActiveCfg = Debug|Any CPU
		{6421136D-8AA1-4997-B2D0-9481AA250998}.Debug|Any CPU.Build.0 = Debug|Any CPU
		{6421136D-8AA1-4997-B2D0-9481AA250998}.Debug|x64.ActiveCfg = Debug|Any CPU
		{6421136D-8AA1-4997-B2D0-9481AA250998}.Debug|x64.Build.0 = Debug|Any CPU
		{6421136D-8AA1-4997-B2D0-9481AA250998}.Debug|x86.ActiveCfg = Debug|Any CPU
		{6421136D-8AA1-4997-B2D0-9481AA250998}.Debug|x86.Build.0 = Debug|Any CPU
		{6421136D-8AA1-4997-B2D0-9481AA250998}.Release|Any CPU.ActiveCfg = Release|Any CPU
		{6421136D-8AA1-4997-B2D0-9481AA250998}.Release|Any CPU.Build.0 = Release|Any CPU
		{6421136D-8AA1-4997-B2D0-9481AA250998}.Release|x64.ActiveCfg = Release|Any CPU
		{6421136D-8AA1-4997-B2D0-9481AA250998}.Release|x64.Build.0 = Release|Any CPU
		{6421136D-8AA1-4997-B2D0-9481AA250998}.Release|x86.ActiveCfg = Release|Any CPU
		{6421136D-8AA1-4997-B2D0-9481AA250998}.Release|x86.Build.0 = Release|Any CPU
		{707F47B9-7D07-4B71-9785-074E908667AF}.Debug|Any CPU.ActiveCfg = Debug|Any CPU
		{707F47B9-7D07-4B71-9785-074E908667AF}.Debug|Any CPU.Build.0 = Debug|Any CPU
		{707F47B9-7D07-4B71-9785-074E908667AF}.Debug|x64.ActiveCfg = Debug|Any CPU
		{707F47B9-7D07-4B71-9785-074E908667AF}.Debug|x64.Build.0 = Debug|Any CPU
		{707F47B9-7D07-4B71-9785-074E908667AF}.Debug|x86.ActiveCfg = Debug|Any CPU
		{707F47B9-7D07-4B71-9785-074E908667AF}.Debug|x86.Build.0 = Debug|Any CPU
		{707F47B9-7D07-4B71-9785-074E908667AF}.Release|Any CPU.ActiveCfg = Release|Any CPU
		{707F47B9-7D07-4B71-9785-074E908667AF}.Release|Any CPU.Build.0 = Release|Any CPU
		{707F47B9-7D07-4B71-9785-074E908667AF}.Release|x64.ActiveCfg = Release|Any CPU
		{707F47B9-7D07-4B71-9785-074E908667AF}.Release|x64.Build.0 = Release|Any CPU
		{707F47B9-7D07-4B71-9785-074E908667AF}.Release|x86.ActiveCfg = Release|Any CPU
		{707F47B9-7D07-4B71-9785-074E908667AF}.Release|x86.Build.0 = Release|Any CPU
	EndGlobalSection
EndGlobal
