
Microsoft Visual Studio Solution File, Format Version 12.00
# Visual Studio 15
VisualStudioVersion = 15.0.26228.9
MinimumVisualStudioVersion = 10.0.40219.1
Project("{2150E333-8FDC-42A3-9474-1A3956D46DE8}") = "src", "src", "{42E6E204-C261-4E94-8B4C-BCE3366E3C87}"
EndProject
Project("{2150E333-8FDC-42A3-9474-1A3956D46DE8}") = "Solution Items", "Solution Items", "{2167DA3E-DD30-4385-A4F8-C9CD92EAD145}"
	ProjectSection(SolutionItems) = preProject
		.gitignore = .gitignore
		global.json = global.json
		LICENSE = LICENSE
		README.md = README.md
	EndProjectSection
EndProject
Project("{2150E333-8FDC-42A3-9474-1A3956D46DE8}") = "test", "test", "{721D5967-35BE-49DB-B9AC-450A71F8FAD8}"
EndProject
Project("{9A19103F-16F7-4668-BE54-9A1E7A4F7556}") = "Azure.RestApi", "src\Azure.RestApi\Azure.RestApi.csproj", "{F54D36FE-2A0F-498D-B7B6-51FDE5BA1803}"
EndProject
Project("{9A19103F-16F7-4668-BE54-9A1E7A4F7556}") = "Azure.RestApi.Tests", "test\Azure.RestApi.Tests\Azure.RestApi.Tests.csproj", "{33A03154-2987-460F-9484-4699BF0E5945}"
EndProject
Global
	GlobalSection(SolutionConfigurationPlatforms) = preSolution
		Debug|Any CPU = Debug|Any CPU
		Release|Any CPU = Release|Any CPU
	EndGlobalSection
	GlobalSection(ProjectConfigurationPlatforms) = postSolution
		{F54D36FE-2A0F-498D-B7B6-51FDE5BA1803}.Debug|Any CPU.ActiveCfg = Debug|Any CPU
		{F54D36FE-2A0F-498D-B7B6-51FDE5BA1803}.Debug|Any CPU.Build.0 = Debug|Any CPU
		{F54D36FE-2A0F-498D-B7B6-51FDE5BA1803}.Release|Any CPU.ActiveCfg = Release|Any CPU
		{F54D36FE-2A0F-498D-B7B6-51FDE5BA1803}.Release|Any CPU.Build.0 = Release|Any CPU
		{33A03154-2987-460F-9484-4699BF0E5945}.Debug|Any CPU.ActiveCfg = Debug|Any CPU
		{33A03154-2987-460F-9484-4699BF0E5945}.Debug|Any CPU.Build.0 = Debug|Any CPU
		{33A03154-2987-460F-9484-4699BF0E5945}.Release|Any CPU.ActiveCfg = Release|Any CPU
		{33A03154-2987-460F-9484-4699BF0E5945}.Release|Any CPU.Build.0 = Release|Any CPU
	EndGlobalSection
	GlobalSection(SolutionProperties) = preSolution
		HideSolutionNode = FALSE
	EndGlobalSection
	GlobalSection(NestedProjects) = preSolution
		{F54D36FE-2A0F-498D-B7B6-51FDE5BA1803} = {42E6E204-C261-4E94-8B4C-BCE3366E3C87}
		{33A03154-2987-460F-9484-4699BF0E5945} = {721D5967-35BE-49DB-B9AC-450A71F8FAD8}
	EndGlobalSection
EndGlobal
